<?xml version="1.0" encoding="UTF-8"?>
<CONFIG>
  <ProjectOptions>
    <Version Value="10"/>
    <General>
      <Flags>
        <MainUnitHasCreateFormStatements Value="False"/>
        <MainUnitHasTitleStatement Value="False"/>
        <MainUnitHasScaledStatement Value="False"/>
        <AlwaysBuild Value="True"/>
      </Flags>
      <SessionStorage Value="InProjectDir"/>
      <MainUnit Value="0"/>
      <Title Value="simpser"/>
      <UseAppBundle Value="False"/>
      <ResourceType Value="res"/>
      <Icon Value="0"/>
    </General>
    <i18n>
      <EnableI18N LFM="False"/>
    </i18n>
    <VersionInfo>
      <MinorVersionNr Value="1"/>
      <RevisionNr Value="1"/>
      <BuildNr Value="1"/>
      <Language Value="0419"/>
    </VersionInfo>
    <BuildModes Count="3">
      <Item1 Name="Default" Default="True"/>
      <Item2 Name="Debug">
        <CompilerOptions>
          <Version Value="11"/>
          <Target>
            <Filename Value="compiled/simpser_dbg"/>
          </Target>
          <SearchPaths>
            <IncludeFiles Value="$(ProjOutDir);../avk-1"/>
            <OtherUnitFiles Value="../zengl-src-0.3.12;../zengl-src-0.3.12/src;../zengl-src-0.3.12/headers;../zengl-src-0.3.12/extra;../zengl-src-0.3.12/lib/jpeg/$(TargetCPU)-$(TargetOS);../zengl-src-0.3.12/lib/msvcrt/$(TargetCPU);../zengl-src-0.3.12/lib/ogg/$(TargetCPU)-$(TargetOS);../zengl-src-0.3.12/lib/theora/$(TargetCPU)-$(TargetOS);../zengl-src-0.3.12/lib/zlib/$(TargetCPU)-$(TargetOS);../zengl-src-0.3.12/lib/zip/$(TargetCPU)-$(TargetOS);../avk-1/avk_add;../Lnet_lib;../zengl-src-0.3.12/lib/chipmunk/i386-win32;../avk-1"/>
            <UnitOutputDirectory Value="lib/$(TargetCPU)-$(TargetOS)"/>
          </SearchPaths>
          <Parsing>
            <SyntaxOptions>
              <SyntaxMode Value="Delphi"/>
              <IncludeAssertionCode Value="True"/>
            </SyntaxOptions>
          </Parsing>
          <CodeGeneration>
            <Checks>
              <IOChecks Value="True"/>
              <RangeChecks Value="True"/>
              <OverflowChecks Value="True"/>
              <StackChecks Value="True"/>
            </Checks>
            <VerifyObjMethodCallValidity Value="True"/>
          </CodeGeneration>
          <Linking>
            <Debugging>
              <DebugInfoType Value="dsDwarf2Set"/>
              <UseHeaptrc Value="True"/>
              <TrashVariables Value="True"/>
              <StripSymbols Value="True"/>
            </Debugging>
            <Options>
              <Win32>
                <GraphicApplication Value="True"/>
              </Win32>
            </Options>
          </Linking>
          <Other>
            <Verbosity>
              <ShowAll Value="True"/>
            </Verbosity>
            <CustomOptions Value="-dDebug
-dMOUSE3KEY
-dWINDOWS
-dNoBlockingSocket
-dLOCALHOST
-dUSE_CHIPMUNK_STATIC
-dShowCursor"/>
            <OtherDefines Count="9">
              <Define0 Value="Debug"/>
              <Define1 Value="MOUSE3KEY"/>
              <Define2 Value="WINDOWS"/>
              <Define3 Value="ObjectMode"/>
              <Define4 Value="NoBlockingSocket"/>
              <Define5 Value="DisableUTF8RTL"/>
              <Define6 Value="LOCALHOST"/>
              <Define7 Value="USE_CHIPMUNK_STATIC"/>
              <Define8 Value="ShowCursor"/>
            </OtherDefines>
            <ExecuteBefore>
              <Command Value="clear.bat"/>
            </ExecuteBefore>
          </Other>
        </CompilerOptions>
      </Item2>
      <Item3 Name="Release">
        <CompilerOptions>
          <Version Value="11"/>
          <Target>
            <Filename Value="compiled/simpser"/>
          </Target>
          <SearchPaths>
            <IncludeFiles Value="$(ProjOutDir);../avk-1"/>
            <OtherUnitFiles Value="../zengl-src-0.3.12;../zengl-src-0.3.12/src;../zengl-src-0.3.12/headers;../zengl-src-0.3.12/extra;../zengl-src-0.3.12/lib/jpeg/$(TargetCPU)-$(TargetOS);../zengl-src-0.3.12/lib/msvcrt/$(TargetCPU);../zengl-src-0.3.12/lib/ogg/$(TargetCPU)-$(TargetOS);../zengl-src-0.3.12/lib/theora/$(TargetCPU)-$(TargetOS);../zengl-src-0.3.12/lib/zlib/$(TargetCPU)-$(TargetOS);../zengl-src-0.3.12/lib/zip/$(TargetCPU)-$(TargetOS);../avk-1/avk_add;../Lnet_lib;../zengl-src-0.3.12/lib/chipmunk/i386-win32;../avk-1"/>
            <UnitOutputDirectory Value="lib/$(TargetCPU)-$(TargetOS)"/>
          </SearchPaths>
          <Parsing>
            <SyntaxOptions>
              <SyntaxMode Value="Delphi"/>
            </SyntaxOptions>
          </Parsing>
          <CodeGeneration>
            <SmartLinkUnit Value="True"/>
            <Optimizations>
              <OptimizationLevel Value="3"/>
            </Optimizations>
          </CodeGeneration>
          <Linking>
            <Debugging>
              <GenerateDebugInfo Value="False"/>
              <StripSymbols Value="True"/>
            </Debugging>
            <LinkSmart Value="True"/>
            <Options>
              <Win32>
                <GraphicApplication Value="True"/>
              </Win32>
            </Options>
          </Linking>
          <Other>
            <Verbosity>
              <ShowWarn Value="False"/>
              <ShowNotes Value="False"/>
              <ShowHints Value="False"/>
              <ShowHintsForUnusedUnitsInMainSrc Value="True"/>
              <ShowHintsForSenderNotUsed Value="True"/>
            </Verbosity>
            <CustomOptions Value="-dMOUSE3KEY
-dWINDOWS
-dNoBlockingSocket
-dLOCALHOST
-dUSE_CHIPMUNK_STATIC"/>
            <OtherDefines Count="9">
              <Define0 Value="Debug"/>
              <Define1 Value="MOUSE3KEY"/>
              <Define2 Value="WINDOWS"/>
              <Define3 Value="ObjectMode"/>
              <Define4 Value="NoBlockingSocket"/>
              <Define5 Value="DisableUTF8RTL"/>
              <Define6 Value="LOCALHOST"/>
              <Define7 Value="USE_CHIPMUNK_STATIC"/>
              <Define8 Value="ShowCursor"/>
            </OtherDefines>
            <ExecuteBefore>
              <Command Value="clear.bat"/>
            </ExecuteBefore>
          </Other>
        </CompilerOptions>
      </Item3>
    </BuildModes>
    <PublishOptions>
      <Version Value="2"/>
    </PublishOptions>
    <RunParams>
      <local>
        <FormatVersion Value="1"/>
      </local>
    </RunParams>
    <Units Count="3">
      <Unit0>
        <Filename Value="simpser.pas"/>
        <IsPartOfProject Value="True"/>
      </Unit0>
      <Unit1>
        <Filename Value="mine_unit.pas"/>
        <IsPartOfProject Value="True"/>
      </Unit1>
      <Unit2>
        <Filename Value="avk_emitters.pas"/>
        <IsPartOfProject Value="True"/>
      </Unit2>
    </Units>
  </ProjectOptions>
  <CompilerOptions>
    <Version Value="11"/>
    <Target>
      <Filename Value="compiled/simpser"/>
    </Target>
    <SearchPaths>
      <IncludeFiles Value="$(ProjOutDir);../avk-1"/>
      <OtherUnitFiles Value="../zengl-src-0.3.12;../zengl-src-0.3.12/src;../zengl-src-0.3.12/headers;../zengl-src-0.3.12/extra;../zengl-src-0.3.12/lib/jpeg/$(TargetCPU)-$(TargetOS);../zengl-src-0.3.12/lib/msvcrt/$(TargetCPU);../zengl-src-0.3.12/lib/ogg/$(TargetCPU)-$(TargetOS);../zengl-src-0.3.12/lib/theora/$(TargetCPU)-$(TargetOS);../zengl-src-0.3.12/lib/zlib/$(TargetCPU)-$(TargetOS);../zengl-src-0.3.12/lib/zip/$(TargetCPU)-$(TargetOS);../avk-1/avk_add;../Lnet_lib;../zengl-src-0.3.12/lib/chipmunk/i386-win32"/>
      <UnitOutputDirectory Value="lib/$(TargetCPU)-$(TargetOS)"/>
    </SearchPaths>
    <Parsing>
      <SyntaxOptions>
        <SyntaxMode Value="Delphi"/>
      </SyntaxOptions>
    </Parsing>
    <CodeGeneration>
      <SmartLinkUnit Value="True"/>
      <Checks>
        <IOChecks Value="True"/>
        <RangeChecks Value="True"/>
        <OverflowChecks Value="True"/>
        <StackChecks Value="True"/>
      </Checks>
      <Optimizations>
        <OptimizationLevel Value="2"/>
      </Optimizations>
    </CodeGeneration>
    <Linking>
      <Debugging>
        <UseHeaptrc Value="True"/>
        <StripSymbols Value="True"/>
      </Debugging>
      <LinkSmart Value="True"/>
      <Options>
        <Win32>
          <GraphicApplication Value="True"/>
        </Win32>
      </Options>
    </Linking>
    <Other>
      <CustomOptions Value="-dDebug
-dMOUSE3KEY
-dWINDOWS
-dNoBlockingSocket
-dLOCALHOST
-dUSE_CHIPMUNK_STATIC"/>
      <OtherDefines Count="9">
        <Define0 Value="Debug"/>
        <Define1 Value="MOUSE3KEY"/>
        <Define2 Value="WINDOWS"/>
        <Define3 Value="ObjectMode"/>
        <Define4 Value="NoBlockingSocket"/>
        <Define5 Value="DisableUTF8RTL"/>
        <Define6 Value="LOCALHOST"/>
        <Define7 Value="USE_CHIPMUNK_STATIC"/>
        <Define8 Value="ShowCursor"/>
      </OtherDefines>
    </Other>
  </CompilerOptions>
  <Debugging>
    <Exceptions Count="5">
      <Item1>
        <Name Value="EAbort"/>
      </Item1>
      <Item2>
        <Name Value="ECodetoolError"/>
      </Item2>
      <Item3>
        <Name Value="EFOpenError"/>
      </Item3>
      <Item4>
        <Name Value="RunError(201)"/>
      </Item4>
      <Item5>
        <Name Value="ERangeError"/>
      </Item5>
    </Exceptions>
  </Debugging>
</CONFIG>
